
Microsoft Visual Studio Solution File, Format Version 12.00
# Visual Studio Version 17
VisualStudioVersion = 17.4.33122.133
MinimumVisualStudioVersion = 10.0.40219.1
Project("{FAE04EC0-301F-11D3-BF4B-00C04F79EFBC}") = "FISAdmin", "FISAdmin\FISAdmin.csproj", "{FF63726B-526B-42BC-A7FC-5C34C2C2B434}"
EndProject
Global
	GlobalSection(SolutionConfigurationPlatforms) = preSolution
		Debug|Any CPU = Debug|Any CPU
		Release|Any CPU = Release|Any CPU
	EndGlobalSection
	GlobalSection(ProjectConfigurationPlatforms) = postSolution
		{FF63726B-526B-42BC-A7FC-5C34C2C2B434}.Debug|Any CPU.ActiveCfg = Debug|Any CPU
		{FF63726B-526B-42BC-A7FC-5C34C2C2B434}.Debug|Any CPU.Build.0 = Debug|Any CPU
		{FF63726B-526B-42BC-A7FC-5C34C2C2B434}.Release|Any CPU.ActiveCfg = Release|Any CPU
		{FF63726B-526B-42BC-A7FC-5C34C2C2B434}.Release|Any CPU.Build.0 = Release|Any CPU
	EndGlobalSection
	GlobalSection(SolutionProperties) = preSolution
		HideSolutionNode = FALSE
	EndGlobalSection
	GlobalSection(ExtensibilityGlobals) = postSolution
		SolutionGuid = {3CB62066-A04E-42DE-A01B-5C2CB5BA752F}
	EndGlobalSection
EndGlobal
